// !$*UTF8*$!
{
	archiveVersion = 1;
	classes = {
	};
	objectVersion = 50;
	objects = {

/* Begin PBXBuildFile section */
		5517451B25FE3D770077A2BE /* BankCardView.swift in Sources */ = {isa = PBXBuildFile; fileRef = 5517451A25FE3D770077A2BE /* BankCardView.swift */; };
		5563064F25FA01A100A68991 /* DeclarativeWorkshopApp.swift in Sources */ = {isa = PBXBuildFile; fileRef = 5563064E25FA01A100A68991 /* DeclarativeWorkshopApp.swift */; };
		5563065125FA01A100A68991 /* ContentView.swift in Sources */ = {isa = PBXBuildFile; fileRef = 5563065025FA01A100A68991 /* ContentView.swift */; };
		5563065325FA01A100A68991 /* Assets.xcassets in Resources */ = {isa = PBXBuildFile; fileRef = 5563065225FA01A100A68991 /* Assets.xcassets */; };
		5563065625FA01A100A68991 /* Preview Assets.xcassets in Resources */ = {isa = PBXBuildFile; fileRef = 5563065525FA01A100A68991 /* Preview Assets.xcassets */; };
		5595FB2325FE403700F93151 /* TopPanelView.swift in Sources */ = {isa = PBXBuildFile; fileRef = 5595FB2225FE403700F93151 /* TopPanelView.swift */; };
		5595FB2625FE456B00F93151 /* BankCard.swift in Sources */ = {isa = PBXBuildFile; fileRef = 5595FB2525FE456B00F93151 /* BankCard.swift */; };
		5595FB5025FF03E800F93151 /* BankCardSwipeableCell.swift in Sources */ = {isa = PBXBuildFile; fileRef = 5595FB4F25FF03E800F93151 /* BankCardSwipeableCell.swift */; };
		55A1935525FF1CA900158F1A /* DeleteButtonShape.swift in Sources */ = {isa = PBXBuildFile; fileRef = 55A1935425FF1CA900158F1A /* DeleteButtonShape.swift */; };
		D818757525FE2C4C0098F471 /* CompactCardView.swift in Sources */ = {isa = PBXBuildFile; fileRef = D818757425FE2C4C0098F471 /* CompactCardView.swift */; };
		D818757925FE74230098F471 /* TotalsView.swift in Sources */ = {isa = PBXBuildFile; fileRef = D818757825FE74220098F471 /* TotalsView.swift */; };
		D818757C25FE8A840098F471 /* TransactionCellView.swift in Sources */ = {isa = PBXBuildFile; fileRef = D818757B25FE8A840098F471 /* TransactionCellView.swift */; };
		D818757F25FEA5120098F471 /* Formatters.swift in Sources */ = {isa = PBXBuildFile; fileRef = D818757E25FEA5120098F471 /* Formatters.swift */; };
		D818758325FEB4080098F471 /* BankCardType+UI.swift in Sources */ = {isa = PBXBuildFile; fileRef = D818758225FEB4080098F471 /* BankCardType+UI.swift */; };
		D86F42E625FD85ED006060F4 /* DetailView.swift in Sources */ = {isa = PBXBuildFile; fileRef = D86F42E525FD85ED006060F4 /* DetailView.swift */; };
/* End PBXBuildFile section */

/* Begin PBXFileReference section */
		5517451A25FE3D770077A2BE /* BankCardView.swift */ = {isa = PBXFileReference; lastKnownFileType = sourcecode.swift; path = BankCardView.swift; sourceTree = "<group>"; };
		5563064B25FA01A100A68991 /* DeclarativeWorkshop.app */ = {isa = PBXFileReference; explicitFileType = wrapper.application; includeInIndex = 0; path = DeclarativeWorkshop.app; sourceTree = BUILT_PRODUCTS_DIR; };
		5563064E25FA01A100A68991 /* DeclarativeWorkshopApp.swift */ = {isa = PBXFileReference; lastKnownFileType = sourcecode.swift; path = DeclarativeWorkshopApp.swift; sourceTree = "<group>"; };
		5563065025FA01A100A68991 /* ContentView.swift */ = {isa = PBXFileReference; lastKnownFileType = sourcecode.swift; path = ContentView.swift; sourceTree = "<group>"; };
		5563065225FA01A100A68991 /* Assets.xcassets */ = {isa = PBXFileReference; lastKnownFileType = folder.assetcatalog; path = Assets.xcassets; sourceTree = "<group>"; };
		5563065525FA01A100A68991 /* Preview Assets.xcassets */ = {isa = PBXFileReference; lastKnownFileType = folder.assetcatalog; path = "Preview Assets.xcassets"; sourceTree = "<group>"; };
		5563065725FA01A100A68991 /* Info.plist */ = {isa = PBXFileReference; lastKnownFileType = text.plist.xml; path = Info.plist; sourceTree = "<group>"; };
		5595FB2225FE403700F93151 /* TopPanelView.swift */ = {isa = PBXFileReference; lastKnownFileType = sourcecode.swift; path = TopPanelView.swift; sourceTree = "<group>"; };
		5595FB2525FE456B00F93151 /* BankCard.swift */ = {isa = PBXFileReference; lastKnownFileType = sourcecode.swift; path = BankCard.swift; sourceTree = "<group>"; };
		5595FB4F25FF03E800F93151 /* BankCardSwipeableCell.swift */ = {isa = PBXFileReference; lastKnownFileType = sourcecode.swift; path = BankCardSwipeableCell.swift; sourceTree = "<group>"; };
		55A1935425FF1CA900158F1A /* DeleteButtonShape.swift */ = {isa = PBXFileReference; lastKnownFileType = sourcecode.swift; path = DeleteButtonShape.swift; sourceTree = "<group>"; };
		D818757425FE2C4C0098F471 /* CompactCardView.swift */ = {isa = PBXFileReference; lastKnownFileType = sourcecode.swift; path = CompactCardView.swift; sourceTree = "<group>"; };
		D818757825FE74220098F471 /* TotalsView.swift */ = {isa = PBXFileReference; lastKnownFileType = sourcecode.swift; path = TotalsView.swift; sourceTree = "<group>"; };
		D818757B25FE8A840098F471 /* TransactionCellView.swift */ = {isa = PBXFileReference; lastKnownFileType = sourcecode.swift; path = TransactionCellView.swift; sourceTree = "<group>"; };
		D818757E25FEA5120098F471 /* Formatters.swift */ = {isa = PBXFileReference; lastKnownFileType = sourcecode.swift; path = Formatters.swift; sourceTree = "<group>"; };
		D818758225FEB4080098F471 /* BankCardType+UI.swift */ = {isa = PBXFileReference; lastKnownFileType = sourcecode.swift; path = "BankCardType+UI.swift"; sourceTree = "<group>"; };
		D86F42E525FD85ED006060F4 /* DetailView.swift */ = {isa = PBXFileReference; lastKnownFileType = sourcecode.swift; path = DetailView.swift; sourceTree = "<group>"; };
/* End PBXFileReference section */

/* Begin PBXFrameworksBuildPhase section */
		5563064825FA01A100A68991 /* Frameworks */ = {
			isa = PBXFrameworksBuildPhase;
			buildActionMask = 2147483647;
			files = (
			);
			runOnlyForDeploymentPostprocessing = 0;
		};
/* End PBXFrameworksBuildPhase section */

/* Begin PBXGroup section */
		5517451725FE3AEB0077A2BE /* Model */ = {
			isa = PBXGroup;
			children = (
				5595FB2525FE456B00F93151 /* BankCard.swift */,
			);
			path = Model;
			sourceTree = "<group>";
		};
		5517451925FE3D660077A2BE /* CardList */ = {
			isa = PBXGroup;
			children = (
				55A1935725FF209200158F1A /* BankCell */,
				5563065025FA01A100A68991 /* ContentView.swift */,
				5595FB2225FE403700F93151 /* TopPanelView.swift */,
			);
			path = CardList;
			sourceTree = "<group>";
		};
		5563064225FA01A100A68991 = {
			isa = PBXGroup;
			children = (
				5563064D25FA01A100A68991 /* DeclarativeWorkshop */,
				5563064C25FA01A100A68991 /* Products */,
			);
			sourceTree = "<group>";
		};
		5563064C25FA01A100A68991 /* Products */ = {
			isa = PBXGroup;
			children = (
				5563064B25FA01A100A68991 /* DeclarativeWorkshop.app */,
			);
			name = Products;
			sourceTree = "<group>";
		};
		5563064D25FA01A100A68991 /* DeclarativeWorkshop */ = {
			isa = PBXGroup;
			children = (
				5517451725FE3AEB0077A2BE /* Model */,
				5517451925FE3D660077A2BE /* CardList */,
				D818757225FE2C210098F471 /* Detail */,
				5563064E25FA01A100A68991 /* DeclarativeWorkshopApp.swift */,
				5563065225FA01A100A68991 /* Assets.xcassets */,
				5563065725FA01A100A68991 /* Info.plist */,
				5563065425FA01A100A68991 /* Preview Content */,
			);
			path = DeclarativeWorkshop;
			sourceTree = "<group>";
		};
		5563065425FA01A100A68991 /* Preview Content */ = {
			isa = PBXGroup;
			children = (
				5563065525FA01A100A68991 /* Preview Assets.xcassets */,
			);
			path = "Preview Content";
			sourceTree = "<group>";
		};
		55A1935725FF209200158F1A /* BankCell */ = {
			isa = PBXGroup;
			children = (
				5517451A25FE3D770077A2BE /* BankCardView.swift */,
				5595FB4F25FF03E800F93151 /* BankCardSwipeableCell.swift */,
				55A1935425FF1CA900158F1A /* DeleteButtonShape.swift */,
				D818758225FEB4080098F471 /* BankCardType+UI.swift */,
			);
			path = BankCell;
			sourceTree = "<group>";
		};
		D818757225FE2C210098F471 /* Detail */ = {
			isa = PBXGroup;
			children = (
				D818757425FE2C4C0098F471 /* CompactCardView.swift */,
				D86F42E525FD85ED006060F4 /* DetailView.swift */,
				D818757E25FEA5120098F471 /* Formatters.swift */,
				D818757825FE74220098F471 /* TotalsView.swift */,
				D818757B25FE8A840098F471 /* TransactionCellView.swift */,
			);
			path = Detail;
			sourceTree = "<group>";
		};
/* End PBXGroup section */

/* Begin PBXNativeTarget section */
		5563064A25FA01A100A68991 /* DeclarativeWorkshop */ = {
			isa = PBXNativeTarget;
			buildConfigurationList = 5563065A25FA01A100A68991 /* Build configuration list for PBXNativeTarget "DeclarativeWorkshop" */;
			buildPhases = (
				5563064725FA01A100A68991 /* Sources */,
				5563064825FA01A100A68991 /* Frameworks */,
				5563064925FA01A100A68991 /* Resources */,
			);
			buildRules = (
			);
			dependencies = (
			);
			name = DeclarativeWorkshop;
			productName = DeclarativeWorkshop;
			productReference = 5563064B25FA01A100A68991 /* DeclarativeWorkshop.app */;
			productType = "com.apple.product-type.application";
		};
/* End PBXNativeTarget section */

/* Begin PBXProject section */
		5563064325FA01A100A68991 /* Project object */ = {
			isa = PBXProject;
			attributes = {
				LastSwiftUpdateCheck = 1220;
				LastUpgradeCheck = 1220;
				TargetAttributes = {
					5563064A25FA01A100A68991 = {
						CreatedOnToolsVersion = 12.2;
					};
				};
			};
			buildConfigurationList = 5563064625FA01A100A68991 /* Build configuration list for PBXProject "DeclarativeWorkshop" */;
			compatibilityVersion = "Xcode 9.3";
			developmentRegion = en;
			hasScannedForEncodings = 0;
			knownRegions = (
				en,
				Base,
			);
			mainGroup = 5563064225FA01A100A68991;
			productRefGroup = 5563064C25FA01A100A68991 /* Products */;
			projectDirPath = "";
			projectRoot = "";
			targets = (
				5563064A25FA01A100A68991 /* DeclarativeWorkshop */,
			);
		};
/* End PBXProject section */

/* Begin PBXResourcesBuildPhase section */
		5563064925FA01A100A68991 /* Resources */ = {
			isa = PBXResourcesBuildPhase;
			buildActionMask = 2147483647;
			files = (
				5563065625FA01A100A68991 /* Preview Assets.xcassets in Resources */,
				5563065325FA01A100A68991 /* Assets.xcassets in Resources */,
			);
			runOnlyForDeploymentPostprocessing = 0;
		};
/* End PBXResourcesBuildPhase section */

/* Begin PBXSourcesBuildPhase section */
		5563064725FA01A100A68991 /* Sources */ = {
			isa = PBXSourcesBuildPhase;
			buildActionMask = 2147483647;
			files = (
				D818757525FE2C4C0098F471 /* CompactCardView.swift in Sources */,
				5563065125FA01A100A68991 /* ContentView.swift in Sources */,
				5595FB2625FE456B00F93151 /* BankCard.swift in Sources */,
				D86F42E625FD85ED006060F4 /* DetailView.swift in Sources */,
				5595FB5025FF03E800F93151 /* BankCardSwipeableCell.swift in Sources */,
				D818758325FEB4080098F471 /* BankCardType+UI.swift in Sources */,
				5563064F25FA01A100A68991 /* DeclarativeWorkshopApp.swift in Sources */,
				55A1935525FF1CA900158F1A /* DeleteButtonShape.swift in Sources */,
				D818757925FE74230098F471 /* TotalsView.swift in Sources */,
				D818757C25FE8A840098F471 /* TransactionCellView.swift in Sources */,
				5517451B25FE3D770077A2BE /* BankCardView.swift in Sources */,
				D818757F25FEA5120098F471 /* Formatters.swift in Sources */,
				5595FB2325FE403700F93151 /* TopPanelView.swift in Sources */,
			);
			runOnlyForDeploymentPostprocessing = 0;
		};
/* End PBXSourcesBuildPhase section */

/* Begin XCBuildConfiguration section */
		5563065825FA01A100A68991 /* Debug */ = {
			isa = XCBuildConfiguration;
			buildSettings = {
				ALWAYS_SEARCH_USER_PATHS = NO;
				CLANG_ANALYZER_NONNULL = YES;
				CLANG_ANALYZER_NUMBER_OBJECT_CONVERSION = YES_AGGRESSIVE;
				CLANG_CXX_LANGUAGE_STANDARD = "gnu++14";
				CLANG_CXX_LIBRARY = "libc++";
				CLANG_ENABLE_MODULES = YES;
				CLANG_ENABLE_OBJC_ARC = YES;
				CLANG_ENABLE_OBJC_WEAK = YES;
				CLANG_WARN_BLOCK_CAPTURE_AUTORELEASING = YES;
				CLANG_WARN_BOOL_CONVERSION = YES;
				CLANG_WARN_COMMA = YES;
				CLANG_WARN_CONSTANT_CONVERSION = YES;
				CLANG_WARN_DEPRECATED_OBJC_IMPLEMENTATIONS = YES;
				CLANG_WARN_DIRECT_OBJC_ISA_USAGE = YES_ERROR;
				CLANG_WARN_DOCUMENTATION_COMMENTS = YES;
				CLANG_WARN_EMPTY_BODY = YES;
				CLANG_WARN_ENUM_CONVERSION = YES;
				CLANG_WARN_INFINITE_RECURSION = YES;
				CLANG_WARN_INT_CONVERSION = YES;
				CLANG_WARN_NON_LITERAL_NULL_CONVERSION = YES;
				CLANG_WARN_OBJC_IMPLICIT_RETAIN_SELF = YES;
				CLANG_WARN_OBJC_LITERAL_CONVERSION = YES;
				CLANG_WARN_OBJC_ROOT_CLASS = YES_ERROR;
				CLANG_WARN_QUOTED_INCLUDE_IN_FRAMEWORK_HEADER = YES;
				CLANG_WARN_RANGE_LOOP_ANALYSIS = YES;
				CLANG_WARN_STRICT_PROTOTYPES = YES;
				CLANG_WARN_SUSPICIOUS_MOVE = YES;
				CLANG_WARN_UNGUARDED_AVAILABILITY = YES_AGGRESSIVE;
				CLANG_WARN_UNREACHABLE_CODE = YES;
				CLANG_WARN__DUPLICATE_METHOD_MATCH = YES;
				COPY_PHASE_STRIP = NO;
				DEBUG_INFORMATION_FORMAT = dwarf;
				ENABLE_STRICT_OBJC_MSGSEND = YES;
				ENABLE_TESTABILITY = YES;
				GCC_C_LANGUAGE_STANDARD = gnu11;
				GCC_DYNAMIC_NO_PIC = NO;
				GCC_NO_COMMON_BLOCKS = YES;
				GCC_OPTIMIZATION_LEVEL = 0;
				GCC_PREPROCESSOR_DEFINITIONS = (
					"DEBUG=1",
					"$(inherited)",
				);
				GCC_WARN_64_TO_32_BIT_CONVERSION = YES;
				GCC_WARN_ABOUT_RETURN_TYPE = YES_ERROR;
				GCC_WARN_UNDECLARED_SELECTOR = YES;
				GCC_WARN_UNINITIALIZED_AUTOS = YES_AGGRESSIVE;
				GCC_WARN_UNUSED_FUNCTION = YES;
				GCC_WARN_UNUSED_VARIABLE = YES;
				IPHONEOS_DEPLOYMENT_TARGET = 14.2;
				MTL_ENABLE_DEBUG_INFO = INCLUDE_SOURCE;
				MTL_FAST_MATH = YES;
				ONLY_ACTIVE_ARCH = YES;
				SDKROOT = iphoneos;
				SWIFT_ACTIVE_COMPILATION_CONDITIONS = DEBUG;
				SWIFT_OPTIMIZATION_LEVEL = "-Onone";
			};
			name = Debug;
		};
		5563065925FA01A100A68991 /* Release */ = {
			isa = XCBuildConfiguration;
			buildSettings = {
				ALWAYS_SEARCH_USER_PATHS = NO;
				CLANG_ANALYZER_NONNULL = YES;
				CLANG_ANALYZER_NUMBER_OBJECT_CONVERSION = YES_AGGRESSIVE;
				CLANG_CXX_LANGUAGE_STANDARD = "gnu++14";
				CLANG_CXX_LIBRARY = "libc++";
				CLANG_ENABLE_MODULES = YES;
				CLANG_ENABLE_OBJC_ARC = YES;
				CLANG_ENABLE_OBJC_WEAK = YES;
				CLANG_WARN_BLOCK_CAPTURE_AUTORELEASING = YES;
				CLANG_WARN_BOOL_CONVERSION = YES;
				CLANG_WARN_COMMA = YES;
				CLANG_WARN_CONSTANT_CONVERSION = YES;
				CLANG_WARN_DEPRECATED_OBJC_IMPLEMENTATIONS = YES;
				CLANG_WARN_DIRECT_OBJC_ISA_USAGE = YES_ERROR;
				CLANG_WARN_DOCUMENTATION_COMMENTS = YES;
				CLANG_WARN_EMPTY_BODY = YES;
				CLANG_WARN_ENUM_CONVERSION = YES;
				CLANG_WARN_INFINITE_RECURSION = YES;
				CLANG_WARN_INT_CONVERSION = YES;
				CLANG_WARN_NON_LITERAL_NULL_CONVERSION = YES;
				CLANG_WARN_OBJC_IMPLICIT_RETAIN_SELF = YES;
				CLANG_WARN_OBJC_LITERAL_CONVERSION = YES;
				CLANG_WARN_OBJC_ROOT_CLASS = YES_ERROR;
				CLANG_WARN_QUOTED_INCLUDE_IN_FRAMEWORK_HEADER = YES;
				CLANG_WARN_RANGE_LOOP_ANALYSIS = YES;
				CLANG_WARN_STRICT_PROTOTYPES = YES;
				CLANG_WARN_SUSPICIOUS_MOVE = YES;
				CLANG_WARN_UNGUARDED_AVAILABILITY = YES_AGGRESSIVE;
				CLANG_WARN_UNREACHABLE_CODE = YES;
				CLANG_WARN__DUPLICATE_METHOD_MATCH = YES;
				COPY_PHASE_STRIP = NO;
				DEBUG_INFORMATION_FORMAT = "dwarf-with-dsym";
				ENABLE_NS_ASSERTIONS = NO;
				ENABLE_STRICT_OBJC_MSGSEND = YES;
				GCC_C_LANGUAGE_STANDARD = gnu11;
				GCC_NO_COMMON_BLOCKS = YES;
				GCC_WARN_64_TO_32_BIT_CONVERSION = YES;
				GCC_WARN_ABOUT_RETURN_TYPE = YES_ERROR;
				GCC_WARN_UNDECLARED_SELECTOR = YES;
				GCC_WARN_UNINITIALIZED_AUTOS = YES_AGGRESSIVE;
				GCC_WARN_UNUSED_FUNCTION = YES;
				GCC_WARN_UNUSED_VARIABLE = YES;
				IPHONEOS_DEPLOYMENT_TARGET = 14.2;
				MTL_ENABLE_DEBUG_INFO = NO;
				MTL_FAST_MATH = YES;
				SDKROOT = iphoneos;
				SWIFT_COMPILATION_MODE = wholemodule;
				SWIFT_OPTIMIZATION_LEVEL = "-O";
				VALIDATE_PRODUCT = YES;
			};
			name = Release;
		};
		5563065B25FA01A100A68991 /* Debug */ = {
			isa = XCBuildConfiguration;
			buildSettings = {
				ASSETCATALOG_COMPILER_APPICON_NAME = AppIcon;
				ASSETCATALOG_COMPILER_GLOBAL_ACCENT_COLOR_NAME = AccentColor;
				CODE_SIGN_STYLE = Automatic;
				DEVELOPMENT_ASSET_PATHS = "\"DeclarativeWorkshop/Preview Content\"";
				DEVELOPMENT_TEAM = 6W2JS4FDJ7;
				ENABLE_PREVIEWS = YES;
				INFOPLIST_FILE = DeclarativeWorkshop/Info.plist;
				IPHONEOS_DEPLOYMENT_TARGET = 14.0;
				LD_RUNPATH_SEARCH_PATHS = (
					"$(inherited)",
					"@executable_path/Frameworks",
				);
				PRODUCT_BUNDLE_IDENTIFIER = com.andrey.home.DeclarativeWorkshop;
				PRODUCT_NAME = "$(TARGET_NAME)";
				SWIFT_VERSION = 5.0;
				TARGETED_DEVICE_FAMILY = "1,2";
			};
			name = Debug;
		};
		5563065C25FA01A100A68991 /* Release */ = {
			isa = XCBuildConfiguration;
			buildSettings = {
				ASSETCATALOG_COMPILER_APPICON_NAME = AppIcon;
				ASSETCATALOG_COMPILER_GLOBAL_ACCENT_COLOR_NAME = AccentColor;
				CODE_SIGN_STYLE = Automatic;
				DEVELOPMENT_ASSET_PATHS = "\"DeclarativeWorkshop/Preview Content\"";
				DEVELOPMENT_TEAM = 6W2JS4FDJ7;
				ENABLE_PREVIEWS = YES;
				INFOPLIST_FILE = DeclarativeWorkshop/Info.plist;
				IPHONEOS_DEPLOYMENT_TARGET = 14.0;
				LD_RUNPATH_SEARCH_PATHS = (
					"$(inherited)",
					"@executable_path/Frameworks",
				);
				PRODUCT_BUNDLE_IDENTIFIER = com.andrey.home.DeclarativeWorkshop;
				PRODUCT_NAME = "$(TARGET_NAME)";
				SWIFT_VERSION = 5.0;
				TARGETED_DEVICE_FAMILY = "1,2";
			};
			name = Release;
		};
/* End XCBuildConfiguration section */

/* Begin XCConfigurationList section */
		5563064625FA01A100A68991 /* Build configuration list for PBXProject "DeclarativeWorkshop" */ = {
			isa = XCConfigurationList;
			buildConfigurations = (
				5563065825FA01A100A68991 /* Debug */,
				5563065925FA01A100A68991 /* Release */,
			);
			defaultConfigurationIsVisible = 0;
			defaultConfigurationName = Release;
		};
		5563065A25FA01A100A68991 /* Build configuration list for PBXNativeTarget "DeclarativeWorkshop" */ = {
			isa = XCConfigurationList;
			buildConfigurations = (
				5563065B25FA01A100A68991 /* Debug */,
				5563065C25FA01A100A68991 /* Release */,
			);
			defaultConfigurationIsVisible = 0;
			defaultConfigurationName = Release;
		};
/* End XCConfigurationList section */
	};
	rootObject = 5563064325FA01A100A68991 /* Project object */;
}
